
Microsoft Visual Studio Solution File, Format Version 12.00
# Visual Studio Version 17
VisualStudioVersion = 17.0.31903.59
MinimumVisualStudioVersion = 10.0.40219.1
Project("{2150E333-8FDC-42A3-9474-1A3956D46DE8}") = "src", "src", "{827E0CD3-B72D-47B6-A68D-7590B98EB39B}"
EndProject
Project("{FAE04EC0-301F-11D3-BF4B-00C04F79EFBC}") = "ApiGateway", "src\ApiGateway\ApiGateway.csproj", "{D7FD6ED0-8100-4F7A-8EDE-A9650F3D6229}"
EndProject
Project("{FAE04EC0-301F-11D3-BF4B-00C04F79EFBC}") = "AuthService", "src\AuthService\AuthService.csproj", "{9172A23F-D2A9-45B3-B4A4-88499C593B9C}"
EndProject
Project("{FAE04EC0-301F-11D3-BF4B-00C04F79EFBC}") = "JobService", "src\JobService\JobService.csproj", "{B9F97D49-C555-4C0F-A840-AB4DB5E0ABC6}"
EndProject
Project("{FAE04EC0-301F-11D3-BF4B-00C04F79EFBC}") = "PaymentService", "src\PaymentService\PaymentService.csproj", "{CBB30A45-03D5-4D2B-BEBD-6829C8D3A07D}"
EndProject
Project("{FAE04EC0-301F-11D3-BF4B-00C04F79EFBC}") = "ProjectService", "src\ProjectService\ProjectService.csproj", "{E107AFE1-4756-4B7E-BE93-5E3CA9767CD2}"
EndProject
Project("{FAE04EC0-301F-11D3-BF4B-00C04F79EFBC}") = "ResourceService", "src\ResourceService\ResourceService.csproj", "{2EE81782-321E-4164-AEF5-DB9056AECE9C}"
EndProject
Project("{FAE04EC0-301F-11D3-BF4B-00C04F79EFBC}") = "Shared", "src\Shared\Shared.csproj", "{429E24C6-3478-41BF-BA59-972B089BA787}"
EndProject
Project("{FAE04EC0-301F-11D3-BF4B-00C04F79EFBC}") = "UserService", "src\UserService\UserService.csproj", "{35855A83-B524-45E0-BF82-8D2D325A7DEA}"
EndProject
Project("{FAE04EC0-301F-11D3-BF4B-00C04F79EFBC}") = "WorkerService", "src\WorkerService\WorkerService.csproj", "{6541B2D1-CADE-4D2B-AA2B-2884625EE5C1}"
EndProject
Project("{2150E333-8FDC-42A3-9474-1A3956D46DE8}") = "tests", "tests", "{0AB3BF05-4346-4AA6-1389-037BE0695223}"
EndProject
Project("{FAE04EC0-301F-11D3-BF4B-00C04F79EFBC}") = "AuthService.Tests", "tests\AuthService.Tests\AuthService.Tests.csproj", "{9AA24BEB-12F5-4514-9AFC-18E3C01E9007}"
EndProject
Project("{FAE04EC0-301F-11D3-BF4B-00C04F79EFBC}") = "JobService.Tests", "tests\JobService.Tests\JobService.Tests.csproj", "{15CF1BDB-34F7-44C5-8787-796450F4BC45}"
EndProject
Project("{FAE04EC0-301F-11D3-BF4B-00C04F79EFBC}") = "ResourceService.Tests", "tests\ResourceService.Tests\ResourceService.Tests.csproj", "{B1BE26BF-FCF5-4A45-B2BD-849809203490}"
EndProject
Project("{FAE04EC0-301F-11D3-BF4B-00C04F79EFBC}") = "PaymentService.Tests", "tests\PaymentService.Tests\PaymentService.Tests.csproj", "{6C5957C3-A5D9-4286-BC30-E13C46B9D62B}"
EndProject
Project("{FAE04EC0-301F-11D3-BF4B-00C04F79EFBC}") = "Backend.E2E.Tests", "tests\Backend.E2E.Tests\Backend.E2E.Tests.csproj", "{A1B2C3D4-E5F6-7890-ABCD-EF1234567890}"
EndProject
Global
	GlobalSection(SolutionConfigurationPlatforms) = preSolution
		Debug|Any CPU = Debug|Any CPU
		Debug|x64 = Debug|x64
		Debug|x86 = Debug|x86
		Release|Any CPU = Release|Any CPU
		Release|x64 = Release|x64
		Release|x86 = Release|x86
	EndGlobalSection
	GlobalSection(ProjectConfigurationPlatforms) = postSolution
		{D7FD6ED0-8100-4F7A-8EDE-A9650F3D6229}.Debug|Any CPU.ActiveCfg = Debug|Any CPU
		{D7FD6ED0-8100-4F7A-8EDE-A9650F3D6229}.Debug|Any CPU.Build.0 = Debug|Any CPU
		{D7FD6ED0-8100-4F7A-8EDE-A9650F3D6229}.Debug|x64.ActiveCfg = Debug|Any CPU
		{D7FD6ED0-8100-4F7A-8EDE-A9650F3D6229}.Debug|x64.Build.0 = Debug|Any CPU
		{D7FD6ED0-8100-4F7A-8EDE-A9650F3D6229}.Debug|x86.ActiveCfg = Debug|Any CPU
		{D7FD6ED0-8100-4F7A-8EDE-A9650F3D6229}.Debug|x86.Build.0 = Debug|Any CPU
		{D7FD6ED0-8100-4F7A-8EDE-A9650F3D6229}.Release|Any CPU.ActiveCfg = Release|Any CPU
		{D7FD6ED0-8100-4F7A-8EDE-A9650F3D6229}.Release|Any CPU.Build.0 = Release|Any CPU
		{D7FD6ED0-8100-4F7A-8EDE-A9650F3D6229}.Release|x64.ActiveCfg = Release|Any CPU
		{D7FD6ED0-8100-4F7A-8EDE-A9650F3D6229}.Release|x64.Build.0 = Release|Any CPU
		{D7FD6ED0-8100-4F7A-8EDE-A9650F3D6229}.Release|x86.ActiveCfg = Release|Any CPU
		{D7FD6ED0-8100-4F7A-8EDE-A9650F3D6229}.Release|x86.Build.0 = Release|Any CPU
		{9172A23F-D2A9-45B3-B4A4-88499C593B9C}.Debug|Any CPU.ActiveCfg = Debug|Any CPU
		{9172A23F-D2A9-45B3-B4A4-88499C593B9C}.Debug|Any CPU.Build.0 = Debug|Any CPU
		{9172A23F-D2A9-45B3-B4A4-88499C593B9C}.Debug|x64.ActiveCfg = Debug|Any CPU
		{9172A23F-D2A9-45B3-B4A4-88499C593B9C}.Debug|x64.Build.0 = Debug|Any CPU
		{9172A23F-D2A9-45B3-B4A4-88499C593B9C}.Debug|x86.ActiveCfg = Debug|Any CPU
		{9172A23F-D2A9-45B3-B4A4-88499C593B9C}.Debug|x86.Build.0 = Debug|Any CPU
		{9172A23F-D2A9-45B3-B4A4-88499C593B9C}.Release|Any CPU.ActiveCfg = Release|Any CPU
		{9172A23F-D2A9-45B3-B4A4-88499C593B9C}.Release|Any CPU.Build.0 = Release|Any CPU
		{9172A23F-D2A9-45B3-B4A4-88499C593B9C}.Release|x64.ActiveCfg = Release|Any CPU
		{9172A23F-D2A9-45B3-B4A4-88499C593B9C}.Release|x64.Build.0 = Release|Any CPU
		{9172A23F-D2A9-45B3-B4A4-88499C593B9C}.Release|x86.ActiveCfg = Release|Any CPU
		{9172A23F-D2A9-45B3-B4A4-88499C593B9C}.Release|x86.Build.0 = Release|Any CPU
		{B9F97D49-C555-4C0F-A840-AB4DB5E0ABC6}.Debug|Any CPU.ActiveCfg = Debug|Any CPU
		{B9F97D49-C555-4C0F-A840-AB4DB5E0ABC6}.Debug|Any CPU.Build.0 = Debug|Any CPU
		{B9F97D49-C555-4C0F-A840-AB4DB5E0ABC6}.Debug|x64.ActiveCfg = Debug|Any CPU
		{B9F97D49-C555-4C0F-A840-AB4DB5E0ABC6}.Debug|x64.Build.0 = Debug|Any CPU
		{B9F97D49-C555-4C0F-A840-AB4DB5E0ABC6}.Debug|x86.ActiveCfg = Debug|Any CPU
		{B9F97D49-C555-4C0F-A840-AB4DB5E0ABC6}.Debug|x86.Build.0 = Debug|Any CPU
		{B9F97D49-C555-4C0F-A840-AB4DB5E0ABC6}.Release|Any CPU.ActiveCfg = Release|Any CPU
		{B9F97D49-C555-4C0F-A840-AB4DB5E0ABC6}.Release|Any CPU.Build.0 = Release|Any CPU
		{B9F97D49-C555-4C0F-A840-AB4DB5E0ABC6}.Release|x64.ActiveCfg = Release|Any CPU
		{B9F97D49-C555-4C0F-A840-AB4DB5E0ABC6}.Release|x64.Build.0 = Release|Any CPU
		{B9F97D49-C555-4C0F-A840-AB4DB5E0ABC6}.Release|x86.ActiveCfg = Release|Any CPU
		{B9F97D49-C555-4C0F-A840-AB4DB5E0ABC6}.Release|x86.Build.0 = Release|Any CPU
		{CBB30A45-03D5-4D2B-BEBD-6829C8D3A07D}.Debug|Any CPU.ActiveCfg = Debug|Any CPU
		{CBB30A45-03D5-4D2B-BEBD-6829C8D3A07D}.Debug|Any CPU.Build.0 = Debug|Any CPU
		{CBB30A45-03D5-4D2B-BEBD-6829C8D3A07D}.Debug|x64.ActiveCfg = Debug|Any CPU
		{CBB30A45-03D5-4D2B-BEBD-6829C8D3A07D}.Debug|x64.Build.0 = Debug|Any CPU
		{CBB30A45-03D5-4D2B-BEBD-6829C8D3A07D}.Debug|x86.ActiveCfg = Debug|Any CPU
		{CBB30A45-03D5-4D2B-BEBD-6829C8D3A07D}.Debug|x86.Build.0 = Debug|Any CPU
		{CBB30A45-03D5-4D2B-BEBD-6829C8D3A07D}.Release|Any CPU.ActiveCfg = Release|Any CPU
		{CBB30A45-03D5-4D2B-BEBD-6829C8D3A07D}.Release|Any CPU.Build.0 = Release|Any CPU
		{CBB30A45-03D5-4D2B-BEBD-6829C8D3A07D}.Release|x64.ActiveCfg = Release|Any CPU
		{CBB30A45-03D5-4D2B-BEBD-6829C8D3A07D}.Release|x64.Build.0 = Release|Any CPU
		{CBB30A45-03D5-4D2B-BEBD-6829C8D3A07D}.Release|x86.ActiveCfg = Release|Any CPU
		{CBB30A45-03D5-4D2B-BEBD-6829C8D3A07D}.Release|x86.Build.0 = Release|Any CPU
		{E107AFE1-4756-4B7E-BE93-5E3CA9767CD2}.Debug|Any CPU.ActiveCfg = Debug|Any CPU
		{E107AFE1-4756-4B7E-BE93-5E3CA9767CD2}.Debug|Any CPU.Build.0 = Debug|Any CPU
		{E107AFE1-4756-4B7E-BE93-5E3CA9767CD2}.Debug|x64.ActiveCfg = Debug|Any CPU
		{E107AFE1-4756-4B7E-BE93-5E3CA9767CD2}.Debug|x64.Build.0 = Debug|Any CPU
		{E107AFE1-4756-4B7E-BE93-5E3CA9767CD2}.Debug|x86.ActiveCfg = Debug|Any CPU
		{E107AFE1-4756-4B7E-BE93-5E3CA9767CD2}.Debug|x86.Build.0 = Debug|Any CPU
		{E107AFE1-4756-4B7E-BE93-5E3CA9767CD2}.Release|Any CPU.ActiveCfg = Release|Any CPU
		{E107AFE1-4756-4B7E-BE93-5E3CA9767CD2}.Release|Any CPU.Build.0 = Release|Any CPU
		{E107AFE1-4756-4B7E-BE93-5E3CA9767CD2}.Release|x64.ActiveCfg = Release|Any CPU
		{E107AFE1-4756-4B7E-BE93-5E3CA9767CD2}.Release|x64.Build.0 = Release|Any CPU
		{E107AFE1-4756-4B7E-BE93-5E3CA9767CD2}.Release|x86.ActiveCfg = Release|Any CPU
		{E107AFE1-4756-4B7E-BE93-5E3CA9767CD2}.Release|x86.Build.0 = Release|Any CPU
		{2EE81782-321E-4164-AEF5-DB9056AECE9C}.Debug|Any CPU.ActiveCfg = Debug|Any CPU
		{2EE81782-321E-4164-AEF5-DB9056AECE9C}.Debug|Any CPU.Build.0 = Debug|Any CPU
		{2EE81782-321E-4164-AEF5-DB9056AECE9C}.Debug|x64.ActiveCfg = Debug|Any CPU
		{2EE81782-321E-4164-AEF5-DB9056AECE9C}.Debug|x64.Build.0 = Debug|Any CPU
		{2EE81782-321E-4164-AEF5-DB9056AECE9C}.Debug|x86.ActiveCfg = Debug|Any CPU
		{2EE81782-321E-4164-AEF5-DB9056AECE9C}.Debug|x86.Build.0 = Debug|Any CPU
		{2EE81782-321E-4164-AEF5-DB9056AECE9C}.Release|Any CPU.ActiveCfg = Release|Any CPU
		{2EE81782-321E-4164-AEF5-DB9056AECE9C}.Release|Any CPU.Build.0 = Release|Any CPU
		{2EE81782-321E-4164-AEF5-DB9056AECE9C}.Release|x64.ActiveCfg = Release|Any CPU
		{2EE81782-321E-4164-AEF5-DB9056AECE9C}.Release|x64.Build.0 = Release|Any CPU
		{2EE81782-321E-4164-AEF5-DB9056AECE9C}.Release|x86.ActiveCfg = Release|Any CPU
		{2EE81782-321E-4164-AEF5-DB9056AECE9C}.Release|x86.Build.0 = Release|Any CPU
		{429E24C6-3478-41BF-BA59-972B089BA787}.Debug|Any CPU.ActiveCfg = Debug|Any CPU
		{429E24C6-3478-41BF-BA59-972B089BA787}.Debug|Any CPU.Build.0 = Debug|Any CPU
		{429E24C6-3478-41BF-BA59-972B089BA787}.Debug|x64.ActiveCfg = Debug|Any CPU
		{429E24C6-3478-41BF-BA59-972B089BA787}.Debug|x64.Build.0 = Debug|Any CPU
		{429E24C6-3478-41BF-BA59-972B089BA787}.Debug|x86.ActiveCfg = Debug|Any CPU
		{429E24C6-3478-41BF-BA59-972B089BA787}.Debug|x86.Build.0 = Debug|Any CPU
		{429E24C6-3478-41BF-BA59-972B089BA787}.Release|Any CPU.ActiveCfg = Release|Any CPU
		{429E24C6-3478-41BF-BA59-972B089BA787}.Release|Any CPU.Build.0 = Release|Any CPU
		{429E24C6-3478-41BF-BA59-972B089BA787}.Release|x64.ActiveCfg = Release|Any CPU
		{429E24C6-3478-41BF-BA59-972B089BA787}.Release|x64.Build.0 = Release|Any CPU
		{429E24C6-3478-41BF-BA59-972B089BA787}.Release|x86.ActiveCfg = Release|Any CPU
		{429E24C6-3478-41BF-BA59-972B089BA787}.Release|x86.Build.0 = Release|Any CPU
		{35855A83-B524-45E0-BF82-8D2D325A7DEA}.Debug|Any CPU.ActiveCfg = Debug|Any CPU
		{35855A83-B524-45E0-BF82-8D2D325A7DEA}.Debug|Any CPU.Build.0 = Debug|Any CPU
		{35855A83-B524-45E0-BF82-8D2D325A7DEA}.Debug|x64.ActiveCfg = Debug|Any CPU
		{35855A83-B524-45E0-BF82-8D2D325A7DEA}.Debug|x64.Build.0 = Debug|Any CPU
		{35855A83-B524-45E0-BF82-8D2D325A7DEA}.Debug|x86.ActiveCfg = Debug|Any CPU
		{35855A83-B524-45E0-BF82-8D2D325A7DEA}.Debug|x86.Build.0 = Debug|Any CPU
		{35855A83-B524-45E0-BF82-8D2D325A7DEA}.Release|Any CPU.ActiveCfg = Release|Any CPU
		{35855A83-B524-45E0-BF82-8D2D325A7DEA}.Release|Any CPU.Build.0 = Release|Any CPU
		{35855A83-B524-45E0-BF82-8D2D325A7DEA}.Release|x64.ActiveCfg = Release|Any CPU
		{35855A83-B524-45E0-BF82-8D2D325A7DEA}.Release|x64.Build.0 = Release|Any CPU
		{35855A83-B524-45E0-BF82-8D2D325A7DEA}.Release|x86.ActiveCfg = Release|Any CPU
		{35855A83-B524-45E0-BF82-8D2D325A7DEA}.Release|x86.Build.0 = Release|Any CPU
		{6541B2D1-CADE-4D2B-AA2B-2884625EE5C1}.Debug|Any CPU.ActiveCfg = Debug|Any CPU
		{6541B2D1-CADE-4D2B-AA2B-2884625EE5C1}.Debug|Any CPU.Build.0 = Debug|Any CPU
		{6541B2D1-CADE-4D2B-AA2B-2884625EE5C1}.Debug|x64.ActiveCfg = Debug|Any CPU
		{6541B2D1-CADE-4D2B-AA2B-2884625EE5C1}.Debug|x64.Build.0 = Debug|Any CPU
		{6541B2D1-CADE-4D2B-AA2B-2884625EE5C1}.Debug|x86.ActiveCfg = Debug|Any CPU
		{6541B2D1-CADE-4D2B-AA2B-2884625EE5C1}.Debug|x86.Build.0 = Debug|Any CPU
		{6541B2D1-CADE-4D2B-AA2B-2884625EE5C1}.Release|Any CPU.ActiveCfg = Release|Any CPU
		{6541B2D1-CADE-4D2B-AA2B-2884625EE5C1}.Release|Any CPU.Build.0 = Release|Any CPU
		{6541B2D1-CADE-4D2B-AA2B-2884625EE5C1}.Release|x64.ActiveCfg = Release|Any CPU
		{6541B2D1-CADE-4D2B-AA2B-2884625EE5C1}.Release|x64.Build.0 = Release|Any CPU
		{6541B2D1-CADE-4D2B-AA2B-2884625EE5C1}.Release|x86.ActiveCfg = Release|Any CPU
		{6541B2D1-CADE-4D2B-AA2B-2884625EE5C1}.Release|x86.Build.0 = Release|Any CPU
		{9AA24BEB-12F5-4514-9AFC-18E3C01E9007}.Debug|Any CPU.ActiveCfg = Debug|Any CPU
		{9AA24BEB-12F5-4514-9AFC-18E3C01E9007}.Debug|Any CPU.Build.0 = Debug|Any CPU
		{9AA24BEB-12F5-4514-9AFC-18E3C01E9007}.Debug|x64.ActiveCfg = Debug|Any CPU
		{9AA24BEB-12F5-4514-9AFC-18E3C01E9007}.Debug|x64.Build.0 = Debug|Any CPU
		{9AA24BEB-12F5-4514-9AFC-18E3C01E9007}.Debug|x86.ActiveCfg = Debug|Any CPU
		{9AA24BEB-12F5-4514-9AFC-18E3C01E9007}.Debug|x86.Build.0 = Debug|Any CPU
		{9AA24BEB-12F5-4514-9AFC-18E3C01E9007}.Release|Any CPU.ActiveCfg = Release|Any CPU
		{9AA24BEB-12F5-4514-9AFC-18E3C01E9007}.Release|Any CPU.Build.0 = Release|Any CPU
		{9AA24BEB-12F5-4514-9AFC-18E3C01E9007}.Release|x64.ActiveCfg = Release|Any CPU
		{9AA24BEB-12F5-4514-9AFC-18E3C01E9007}.Release|x64.Build.0 = Release|Any CPU
		{9AA24BEB-12F5-4514-9AFC-18E3C01E9007}.Release|x86.ActiveCfg = Release|Any CPU
		{9AA24BEB-12F5-4514-9AFC-18E3C01E9007}.Release|x86.Build.0 = Release|Any CPU
		{15CF1BDB-34F7-44C5-8787-796450F4BC45}.Debug|Any CPU.ActiveCfg = Debug|Any CPU
		{15CF1BDB-34F7-44C5-8787-796450F4BC45}.Debug|Any CPU.Build.0 = Debug|Any CPU
		{15CF1BDB-34F7-44C5-8787-796450F4BC45}.Debug|x64.ActiveCfg = Debug|Any CPU
		{15CF1BDB-34F7-44C5-8787-796450F4BC45}.Debug|x64.Build.0 = Debug|Any CPU
		{15CF1BDB-34F7-44C5-8787-796450F4BC45}.Debug|x86.ActiveCfg = Debug|Any CPU
		{15CF1BDB-34F7-44C5-8787-796450F4BC45}.Debug|x86.Build.0 = Debug|Any CPU
		{15CF1BDB-34F7-44C5-8787-796450F4BC45}.Release|Any CPU.ActiveCfg = Release|Any CPU
		{15CF1BDB-34F7-44C5-8787-796450F4BC45}.Release|Any CPU.Build.0 = Release|Any CPU
		{15CF1BDB-34F7-44C5-8787-796450F4BC45}.Release|x64.ActiveCfg = Release|Any CPU
		{15CF1BDB-34F7-44C5-8787-796450F4BC45}.Release|x64.Build.0 = Release|Any CPU
		{15CF1BDB-34F7-44C5-8787-796450F4BC45}.Release|x86.ActiveCfg = Release|Any CPU
		{15CF1BDB-34F7-44C5-8787-796450F4BC45}.Release|x86.Build.0 = Release|Any CPU
		{B1BE26BF-FCF5-4A45-B2BD-849809203490}.Debug|Any CPU.ActiveCfg = Debug|Any CPU
		{B1BE26BF-FCF5-4A45-B2BD-849809203490}.Debug|Any CPU.Build.0 = Debug|Any CPU
		{B1BE26BF-FCF5-4A45-B2BD-849809203490}.Debug|x64.ActiveCfg = Debug|Any CPU
		{B1BE26BF-FCF5-4A45-B2BD-849809203490}.Debug|x64.Build.0 = Debug|Any CPU
		{B1BE26BF-FCF5-4A45-B2BD-849809203490}.Debug|x86.ActiveCfg = Debug|Any CPU
		{B1BE26BF-FCF5-4A45-B2BD-849809203490}.Debug|x86.Build.0 = Debug|Any CPU
		{B1BE26BF-FCF5-4A45-B2BD-849809203490}.Release|Any CPU.ActiveCfg = Release|Any CPU
		{B1BE26BF-FCF5-4A45-B2BD-849809203490}.Release|Any CPU.Build.0 = Release|Any CPU
		{B1BE26BF-FCF5-4A45-B2BD-849809203490}.Release|x64.ActiveCfg = Release|Any CPU
		{B1BE26BF-FCF5-4A45-B2BD-849809203490}.Release|x64.Build.0 = Release|Any CPU
		{B1BE26BF-FCF5-4A45-B2BD-849809203490}.Release|x86.ActiveCfg = Release|Any CPU
		{B1BE26BF-FCF5-4A45-B2BD-849809203490}.Release|x86.Build.0 = Release|Any CPU
		{6C5957C3-A5D9-4286-BC30-E13C46B9D62B}.Debug|Any CPU.ActiveCfg = Debug|Any CPU
		{6C5957C3-A5D9-4286-BC30-E13C46B9D62B}.Debug|Any CPU.Build.0 = Debug|Any CPU
		{6C5957C3-A5D9-4286-BC30-E13C46B9D62B}.Debug|x64.ActiveCfg = Debug|Any CPU
		{6C5957C3-A5D9-4286-BC30-E13C46B9D62B}.Debug|x64.Build.0 = Debug|Any CPU
		{6C5957C3-A5D9-4286-BC30-E13C46B9D62B}.Debug|x86.ActiveCfg = Debug|Any CPU
		{6C5957C3-A5D9-4286-BC30-E13C46B9D62B}.Debug|x86.Build.0 = Debug|Any CPU
		{6C5957C3-A5D9-4286-BC30-E13C46B9D62B}.Release|Any CPU.ActiveCfg = Release|Any CPU
		{6C5957C3-A5D9-4286-BC30-E13C46B9D62B}.Release|Any CPU.Build.0 = Release|Any CPU
		{6C5957C3-A5D9-4286-BC30-E13C46B9D62B}.Release|x64.ActiveCfg = Release|Any CPU
		{6C5957C3-A5D9-4286-BC30-E13C46B9D62B}.Release|x64.Build.0 = Release|Any CPU
		{6C5957C3-A5D9-4286-BC30-E13C46B9D62B}.Release|x86.ActiveCfg = Release|Any CPU
		{6C5957C3-A5D9-4286-BC30-E13C46B9D62B}.Release|x86.Build.0 = Release|Any CPU
		{A1B2C3D4-E5F6-7890-ABCD-EF1234567890}.Debug|Any CPU.ActiveCfg = Debug|Any CPU
		{A1B2C3D4-E5F6-7890-ABCD-EF1234567890}.Debug|Any CPU.Build.0 = Debug|Any CPU
		{A1B2C3D4-E5F6-7890-ABCD-EF1234567890}.Release|Any CPU.ActiveCfg = Release|Any CPU
		{A1B2C3D4-E5F6-7890-ABCD-EF1234567890}.Release|Any CPU.Build.0 = Release|Any CPU
	EndGlobalSection
	GlobalSection(SolutionProperties) = preSolution
		HideSolutionNode = FALSE
	EndGlobalSection
	GlobalSection(NestedProjects) = preSolution
		{D7FD6ED0-8100-4F7A-8EDE-A9650F3D6229} = {827E0CD3-B72D-47B6-A68D-7590B98EB39B}
		{9172A23F-D2A9-45B3-B4A4-88499C593B9C} = {827E0CD3-B72D-47B6-A68D-7590B98EB39B}
		{B9F97D49-C555-4C0F-A840-AB4DB5E0ABC6} = {827E0CD3-B72D-47B6-A68D-7590B98EB39B}
		{CBB30A45-03D5-4D2B-BEBD-6829C8D3A07D} = {827E0CD3-B72D-47B6-A68D-7590B98EB39B}
		{E107AFE1-4756-4B7E-BE93-5E3CA9767CD2} = {827E0CD3-B72D-47B6-A68D-7590B98EB39B}
		{2EE81782-321E-4164-AEF5-DB9056AECE9C} = {827E0CD3-B72D-47B6-A68D-7590B98EB39B}
		{429E24C6-3478-41BF-BA59-972B089BA787} = {827E0CD3-B72D-47B6-A68D-7590B98EB39B}
		{35855A83-B524-45E0-BF82-8D2D325A7DEA} = {827E0CD3-B72D-47B6-A68D-7590B98EB39B}
		{6541B2D1-CADE-4D2B-AA2B-2884625EE5C1} = {827E0CD3-B72D-47B6-A68D-7590B98EB39B}
		{9AA24BEB-12F5-4514-9AFC-18E3C01E9007} = {0AB3BF05-4346-4AA6-1389-037BE0695223}
		{15CF1BDB-34F7-44C5-8787-796450F4BC45} = {0AB3BF05-4346-4AA6-1389-037BE0695223}
		{B1BE26BF-FCF5-4A45-B2BD-849809203490} = {0AB3BF05-4346-4AA6-1389-037BE0695223}
		{6C5957C3-A5D9-4286-BC30-E13C46B9D62B} = {0AB3BF05-4346-4AA6-1389-037BE0695223}
	EndGlobalSection
EndGlobal
